
Microsoft Visual Studio Solution File, Format Version 12.00
# Visual Studio Version 17
VisualStudioVersion = 17.5.33530.505
MinimumVisualStudioVersion = 10.0.40219.1
Project("{FAE04EC0-301F-11D3-BF4B-00C04F79EFBC}") = "ImageManipulationApp", "ImageManipulationApp\ImageManipulationApp.csproj", "{04EDEDA7-2684-4A7B-9DCB-091FE89FCFD8}"
EndProject
Global
	GlobalSection(SolutionConfigurationPlatforms) = preSolution
		Debug|Any CPU = Debug|Any CPU
		Release|Any CPU = Release|Any CPU
	EndGlobalSection
	GlobalSection(ProjectConfigurationPlatforms) = postSolution
		{04EDEDA7-2684-4A7B-9DCB-091FE89FCFD8}.Debug|Any CPU.ActiveCfg = Debug|Any CPU
		{04EDEDA7-2684-4A7B-9DCB-091FE89FCFD8}.Debug|Any CPU.Build.0 = Debug|Any CPU
		{04EDEDA7-2684-4A7B-9DCB-091FE89FCFD8}.Release|Any CPU.ActiveCfg = Release|Any CPU
		{04EDEDA7-2684-4A7B-9DCB-091FE89FCFD8}.Release|Any CPU.Build.0 = Release|Any CPU
	EndGlobalSection
	GlobalSection(SolutionProperties) = preSolution
		HideSolutionNode = FALSE
	EndGlobalSection
	GlobalSection(ExtensibilityGlobals) = postSolution
		SolutionGuid = {C0562005-5A20-43BB-A5E9-C4DCAC477F0E}
	EndGlobalSection
EndGlobal
